// !$*UTF8*$!
{
	archiveVersion = 1;
	classes = {
	};
	objectVersion = 56;
	objects = {

/* Begin PBXBuildFile section */
		8F39ECA12AB9811B00456B40 /* AppDelegate.swift in Sources */ = {isa = PBXBuildFile; fileRef = 8F39ECA02AB9811B00456B40 /* AppDelegate.swift */; };
		8F39ECA32AB9811B00456B40 /* SceneDelegate.swift in Sources */ = {isa = PBXBuildFile; fileRef = 8F39ECA22AB9811B00456B40 /* SceneDelegate.swift */; };
		8F39ECA52AB9811B00456B40 /* VideoSegmentsController.swift in Sources */ = {isa = PBXBuildFile; fileRef = 8F39ECA42AB9811B00456B40 /* VideoSegmentsController.swift */; };
		8F39ECA82AB9811B00456B40 /* Main.storyboard in Resources */ = {isa = PBXBuildFile; fileRef = 8F39ECA62AB9811B00456B40 /* Main.storyboard */; };
		8F39ECAA2AB9811C00456B40 /* Assets.xcassets in Resources */ = {isa = PBXBuildFile; fileRef = 8F39ECA92AB9811C00456B40 /* Assets.xcassets */; };
		8F39ECAD2AB9811C00456B40 /* LaunchScreen.storyboard in Resources */ = {isa = PBXBuildFile; fileRef = 8F39ECAB2AB9811C00456B40 /* LaunchScreen.storyboard */; };
		8F39ECB52AB9884400456B40 /* VideoSegmentCell.swift in Sources */ = {isa = PBXBuildFile; fileRef = 8F39ECB42AB9884400456B40 /* VideoSegmentCell.swift */; };
		8F39ECB72AB9A88D00456B40 /* VideoSegment.swift in Sources */ = {isa = PBXBuildFile; fileRef = 8F39ECB62AB9A88D00456B40 /* VideoSegment.swift */; };
		8F39ECB92AB9B17400456B40 /* GoogleService-Info.plist in Resources */ = {isa = PBXBuildFile; fileRef = 8F39ECB82AB9B17400456B40 /* GoogleService-Info.plist */; };
		8F39ECBC2AB9B25C00456B40 /* FirebaseStorage in Frameworks */ = {isa = PBXBuildFile; productRef = 8F39ECBB2AB9B25C00456B40 /* FirebaseStorage */; };
		8F39ECBE2ABAEF3100456B40 /* VideoSegmentsViewModel.swift in Sources */ = {isa = PBXBuildFile; fileRef = 8F39ECBD2ABAEF3100456B40 /* VideoSegmentsViewModel.swift */; };
		8F39ECC02ABB01C900456B40 /* UILabel+Ex.swift in Sources */ = {isa = PBXBuildFile; fileRef = 8F39ECBF2ABB01C900456B40 /* UILabel+Ex.swift */; };
/* End PBXBuildFile section */

/* Begin PBXFileReference section */
		8F39EC9D2AB9811B00456B40 /* VideoSplitDemo.app */ = {isa = PBXFileReference; explicitFileType = wrapper.application; includeInIndex = 0; path = VideoSplitDemo.app; sourceTree = BUILT_PRODUCTS_DIR; };
		8F39ECA02AB9811B00456B40 /* AppDelegate.swift */ = {isa = PBXFileReference; lastKnownFileType = sourcecode.swift; path = AppDelegate.swift; sourceTree = "<group>"; };
		8F39ECA22AB9811B00456B40 /* SceneDelegate.swift */ = {isa = PBXFileReference; lastKnownFileType = sourcecode.swift; path = SceneDelegate.swift; sourceTree = "<group>"; };
		8F39ECA42AB9811B00456B40 /* VideoSegmentsController.swift */ = {isa = PBXFileReference; lastKnownFileType = sourcecode.swift; path = VideoSegmentsController.swift; sourceTree = "<group>"; };
		8F39ECA72AB9811B00456B40 /* Base */ = {isa = PBXFileReference; lastKnownFileType = file.storyboard; name = Base; path = Base.lproj/Main.storyboard; sourceTree = "<group>"; };
		8F39ECA92AB9811C00456B40 /* Assets.xcassets */ = {isa = PBXFileReference; lastKnownFileType = folder.assetcatalog; path = Assets.xcassets; sourceTree = "<group>"; };
		8F39ECAC2AB9811C00456B40 /* Base */ = {isa = PBXFileReference; lastKnownFileType = file.storyboard; name = Base; path = Base.lproj/LaunchScreen.storyboard; sourceTree = "<group>"; };
		8F39ECAE2AB9811C00456B40 /* Info.plist */ = {isa = PBXFileReference; lastKnownFileType = text.plist.xml; path = Info.plist; sourceTree = "<group>"; };
		8F39ECB42AB9884400456B40 /* VideoSegmentCell.swift */ = {isa = PBXFileReference; lastKnownFileType = sourcecode.swift; path = VideoSegmentCell.swift; sourceTree = "<group>"; };
		8F39ECB62AB9A88D00456B40 /* VideoSegment.swift */ = {isa = PBXFileReference; lastKnownFileType = sourcecode.swift; path = VideoSegment.swift; sourceTree = "<group>"; };
		8F39ECB82AB9B17400456B40 /* GoogleService-Info.plist */ = {isa = PBXFileReference; fileEncoding = 4; lastKnownFileType = text.plist.xml; path = "GoogleService-Info.plist"; sourceTree = "<group>"; };
		8F39ECBD2ABAEF3100456B40 /* VideoSegmentsViewModel.swift */ = {isa = PBXFileReference; lastKnownFileType = sourcecode.swift; path = VideoSegmentsViewModel.swift; sourceTree = "<group>"; };
		8F39ECBF2ABB01C900456B40 /* UILabel+Ex.swift */ = {isa = PBXFileReference; lastKnownFileType = sourcecode.swift; path = "UILabel+Ex.swift"; sourceTree = "<group>"; };
		8F39ECC72ABB611E00456B40 /* readme.md */ = {isa = PBXFileReference; lastKnownFileType = net.daringfireball.markdown; path = readme.md; sourceTree = "<group>"; };
/* End PBXFileReference section */

/* Begin PBXFrameworksBuildPhase section */
		8F39EC9A2AB9811B00456B40 /* Frameworks */ = {
			isa = PBXFrameworksBuildPhase;
			buildActionMask = 2147483647;
			files = (
				8F39ECBC2AB9B25C00456B40 /* FirebaseStorage in Frameworks */,
			);
			runOnlyForDeploymentPostprocessing = 0;
		};
/* End PBXFrameworksBuildPhase section */

/* Begin PBXGroup section */
		8F39EC942AB9811B00456B40 = {
			isa = PBXGroup;
			children = (
				8F39ECC72ABB611E00456B40 /* readme.md */,
				8F39EC9F2AB9811B00456B40 /* VideoSplitDemo */,
				8F39EC9E2AB9811B00456B40 /* Products */,
			);
			sourceTree = "<group>";
		};
		8F39EC9E2AB9811B00456B40 /* Products */ = {
			isa = PBXGroup;
			children = (
				8F39EC9D2AB9811B00456B40 /* VideoSplitDemo.app */,
			);
			name = Products;
			sourceTree = "<group>";
		};
		8F39EC9F2AB9811B00456B40 /* VideoSplitDemo */ = {
			isa = PBXGroup;
			children = (
				8F39ECA02AB9811B00456B40 /* AppDelegate.swift */,
				8F39ECA22AB9811B00456B40 /* SceneDelegate.swift */,
				8F39ECC12ABB523100456B40 /* Model */,
				8F39ECC22ABB523600456B40 /* View */,
				8F39ECC42ABB524400456B40 /* ViewModel */,
				8F39ECC32ABB523D00456B40 /* Controller */,
				8F39ECC62ABB529600456B40 /* Extensions */,
				8F39ECA92AB9811C00456B40 /* Assets.xcassets */,
				8F39ECAB2AB9811C00456B40 /* LaunchScreen.storyboard */,
				8F39ECAE2AB9811C00456B40 /* Info.plist */,
				8F39ECB82AB9B17400456B40 /* GoogleService-Info.plist */,
			);
			path = VideoSplitDemo;
			sourceTree = "<group>";
		};
		8F39ECC12ABB523100456B40 /* Model */ = {
			isa = PBXGroup;
			children = (
				8F39ECB62AB9A88D00456B40 /* VideoSegment.swift */,
			);
			path = Model;
			sourceTree = "<group>";
		};
		8F39ECC22ABB523600456B40 /* View */ = {
			isa = PBXGroup;
			children = (
				8F39ECA62AB9811B00456B40 /* Main.storyboard */,
				8F39ECC52ABB528200456B40 /* CustomCells */,
			);
			path = View;
			sourceTree = "<group>";
		};
		8F39ECC32ABB523D00456B40 /* Controller */ = {
			isa = PBXGroup;
			children = (
				8F39ECA42AB9811B00456B40 /* VideoSegmentsController.swift */,
			);
			path = Controller;
			sourceTree = "<group>";
		};
		8F39ECC42ABB524400456B40 /* ViewModel */ = {
			isa = PBXGroup;
			children = (
				8F39ECBD2ABAEF3100456B40 /* VideoSegmentsViewModel.swift */,
			);
			path = ViewModel;
			sourceTree = "<group>";
		};
		8F39ECC52ABB528200456B40 /* CustomCells */ = {
			isa = PBXGroup;
			children = (
				8F39ECB42AB9884400456B40 /* VideoSegmentCell.swift */,
			);
			path = CustomCells;
			sourceTree = "<group>";
		};
		8F39ECC62ABB529600456B40 /* Extensions */ = {
			isa = PBXGroup;
			children = (
				8F39ECBF2ABB01C900456B40 /* UILabel+Ex.swift */,
			);
			path = Extensions;
			sourceTree = "<group>";
		};
/* End PBXGroup section */

/* Begin PBXNativeTarget section */
		8F39EC9C2AB9811B00456B40 /* VideoSplitDemo */ = {
			isa = PBXNativeTarget;
			buildConfigurationList = 8F39ECB12AB9811C00456B40 /* Build configuration list for PBXNativeTarget "VideoSplitDemo" */;
			buildPhases = (
				8F39EC992AB9811B00456B40 /* Sources */,
				8F39EC9A2AB9811B00456B40 /* Frameworks */,
				8F39EC9B2AB9811B00456B40 /* Resources */,
			);
			buildRules = (
			);
			dependencies = (
			);
			name = VideoSplitDemo;
			packageProductDependencies = (
				8F39ECBB2AB9B25C00456B40 /* FirebaseStorage */,
			);
			productName = VideoSplitDemo;
			productReference = 8F39EC9D2AB9811B00456B40 /* VideoSplitDemo.app */;
			productType = "com.apple.product-type.application";
		};
/* End PBXNativeTarget section */

/* Begin PBXProject section */
		8F39EC952AB9811B00456B40 /* Project object */ = {
			isa = PBXProject;
			attributes = {
				BuildIndependentTargetsInParallel = 1;
				LastSwiftUpdateCheck = 1430;
				LastUpgradeCheck = 1430;
				TargetAttributes = {
					8F39EC9C2AB9811B00456B40 = {
						CreatedOnToolsVersion = 14.3.1;
					};
				};
			};
			buildConfigurationList = 8F39EC982AB9811B00456B40 /* Build configuration list for PBXProject "VideoSplitDemo" */;
			compatibilityVersion = "Xcode 14.0";
			developmentRegion = en;
			hasScannedForEncodings = 0;
			knownRegions = (
				en,
				Base,
			);
			mainGroup = 8F39EC942AB9811B00456B40;
			packageReferences = (
				8F39ECBA2AB9B25C00456B40 /* XCRemoteSwiftPackageReference "firebase-ios-sdk" */,
			);
			productRefGroup = 8F39EC9E2AB9811B00456B40 /* Products */;
			projectDirPath = "";
			projectRoot = "";
			targets = (
				8F39EC9C2AB9811B00456B40 /* VideoSplitDemo */,
			);
		};
/* End PBXProject section */

/* Begin PBXResourcesBuildPhase section */
		8F39EC9B2AB9811B00456B40 /* Resources */ = {
			isa = PBXResourcesBuildPhase;
			buildActionMask = 2147483647;
			files = (
				8F39ECB92AB9B17400456B40 /* GoogleService-Info.plist in Resources */,
				8F39ECAD2AB9811C00456B40 /* LaunchScreen.storyboard in Resources */,
				8F39ECAA2AB9811C00456B40 /* Assets.xcassets in Resources */,
				8F39ECA82AB9811B00456B40 /* Main.storyboard in Resources */,
			);
			runOnlyForDeploymentPostprocessing = 0;
		};
/* End PBXResourcesBuildPhase section */

/* Begin PBXSourcesBuildPhase section */
		8F39EC992AB9811B00456B40 /* Sources */ = {
			isa = PBXSourcesBuildPhase;
			buildActionMask = 2147483647;
			files = (
				8F39ECB72AB9A88D00456B40 /* VideoSegment.swift in Sources */,
				8F39ECA52AB9811B00456B40 /* VideoSegmentsController.swift in Sources */,
				8F39ECC02ABB01C900456B40 /* UILabel+Ex.swift in Sources */,
				8F39ECBE2ABAEF3100456B40 /* VideoSegmentsViewModel.swift in Sources */,
				8F39ECA12AB9811B00456B40 /* AppDelegate.swift in Sources */,
				8F39ECA32AB9811B00456B40 /* SceneDelegate.swift in Sources */,
				8F39ECB52AB9884400456B40 /* VideoSegmentCell.swift in Sources */,
			);
			runOnlyForDeploymentPostprocessing = 0;
		};
/* End PBXSourcesBuildPhase section */

/* Begin PBXVariantGroup section */
		8F39ECA62AB9811B00456B40 /* Main.storyboard */ = {
			isa = PBXVariantGroup;
			children = (
				8F39ECA72AB9811B00456B40 /* Base */,
			);
			name = Main.storyboard;
			sourceTree = "<group>";
		};
		8F39ECAB2AB9811C00456B40 /* LaunchScreen.storyboard */ = {
			isa = PBXVariantGroup;
			children = (
				8F39ECAC2AB9811C00456B40 /* Base */,
			);
			name = LaunchScreen.storyboard;
			sourceTree = "<group>";
		};
/* End PBXVariantGroup section */

/* Begin XCBuildConfiguration section */
		8F39ECAF2AB9811C00456B40 /* Debug */ = {
			isa = XCBuildConfiguration;
			buildSettings = {
				ALWAYS_SEARCH_USER_PATHS = NO;
				CLANG_ANALYZER_NONNULL = YES;
				CLANG_ANALYZER_NUMBER_OBJECT_CONVERSION = YES_AGGRESSIVE;
				CLANG_CXX_LANGUAGE_STANDARD = "gnu++20";
				CLANG_ENABLE_MODULES = YES;
				CLANG_ENABLE_OBJC_ARC = YES;
				CLANG_ENABLE_OBJC_WEAK = YES;
				CLANG_WARN_BLOCK_CAPTURE_AUTORELEASING = YES;
				CLANG_WARN_BOOL_CONVERSION = YES;
				CLANG_WARN_COMMA = YES;
				CLANG_WARN_CONSTANT_CONVERSION = YES;
				CLANG_WARN_DEPRECATED_OBJC_IMPLEMENTATIONS = YES;
				CLANG_WARN_DIRECT_OBJC_ISA_USAGE = YES_ERROR;
				CLANG_WARN_DOCUMENTATION_COMMENTS = YES;
				CLANG_WARN_EMPTY_BODY = YES;
				CLANG_WARN_ENUM_CONVERSION = YES;
				CLANG_WARN_INFINITE_RECURSION = YES;
				CLANG_WARN_INT_CONVERSION = YES;
				CLANG_WARN_NON_LITERAL_NULL_CONVERSION = YES;
				CLANG_WARN_OBJC_IMPLICIT_RETAIN_SELF = YES;
				CLANG_WARN_OBJC_LITERAL_CONVERSION = YES;
				CLANG_WARN_OBJC_ROOT_CLASS = YES_ERROR;
				CLANG_WARN_QUOTED_INCLUDE_IN_FRAMEWORK_HEADER = YES;
				CLANG_WARN_RANGE_LOOP_ANALYSIS = YES;
				CLANG_WARN_STRICT_PROTOTYPES = YES;
				CLANG_WARN_SUSPICIOUS_MOVE = YES;
				CLANG_WARN_UNGUARDED_AVAILABILITY = YES_AGGRESSIVE;
				CLANG_WARN_UNREACHABLE_CODE = YES;
				CLANG_WARN__DUPLICATE_METHOD_MATCH = YES;
				COPY_PHASE_STRIP = NO;
				DEBUG_INFORMATION_FORMAT = dwarf;
				ENABLE_STRICT_OBJC_MSGSEND = YES;
				ENABLE_TESTABILITY = YES;
				GCC_C_LANGUAGE_STANDARD = gnu11;
				GCC_DYNAMIC_NO_PIC = NO;
				GCC_NO_COMMON_BLOCKS = YES;
				GCC_OPTIMIZATION_LEVEL = 0;
				GCC_PREPROCESSOR_DEFINITIONS = (
					"DEBUG=1",
					"$(inherited)",
				);
				GCC_WARN_64_TO_32_BIT_CONVERSION = YES;
				GCC_WARN_ABOUT_RETURN_TYPE = YES_ERROR;
				GCC_WARN_UNDECLARED_SELECTOR = YES;
				GCC_WARN_UNINITIALIZED_AUTOS = YES_AGGRESSIVE;
				GCC_WARN_UNUSED_FUNCTION = YES;
				GCC_WARN_UNUSED_VARIABLE = YES;
				IPHONEOS_DEPLOYMENT_TARGET = 16.4;
				MTL_ENABLE_DEBUG_INFO = INCLUDE_SOURCE;
				MTL_FAST_MATH = YES;
				ONLY_ACTIVE_ARCH = YES;
				SDKROOT = iphoneos;
				SWIFT_ACTIVE_COMPILATION_CONDITIONS = DEBUG;
				SWIFT_OPTIMIZATION_LEVEL = "-Onone";
			};
			name = Debug;
		};
		8F39ECB02AB9811C00456B40 /* Release */ = {
			isa = XCBuildConfiguration;
			buildSettings = {
				ALWAYS_SEARCH_USER_PATHS = NO;
				CLANG_ANALYZER_NONNULL = YES;
				CLANG_ANALYZER_NUMBER_OBJECT_CONVERSION = YES_AGGRESSIVE;
				CLANG_CXX_LANGUAGE_STANDARD = "gnu++20";
				CLANG_ENABLE_MODULES = YES;
				CLANG_ENABLE_OBJC_ARC = YES;
				CLANG_ENABLE_OBJC_WEAK = YES;
				CLANG_WARN_BLOCK_CAPTURE_AUTORELEASING = YES;
				CLANG_WARN_BOOL_CONVERSION = YES;
				CLANG_WARN_COMMA = YES;
				CLANG_WARN_CONSTANT_CONVERSION = YES;
				CLANG_WARN_DEPRECATED_OBJC_IMPLEMENTATIONS = YES;
				CLANG_WARN_DIRECT_OBJC_ISA_USAGE = YES_ERROR;
				CLANG_WARN_DOCUMENTATION_COMMENTS = YES;
				CLANG_WARN_EMPTY_BODY = YES;
				CLANG_WARN_ENUM_CONVERSION = YES;
				CLANG_WARN_INFINITE_RECURSION = YES;
				CLANG_WARN_INT_CONVERSION = YES;
				CLANG_WARN_NON_LITERAL_NULL_CONVERSION = YES;
				CLANG_WARN_OBJC_IMPLICIT_RETAIN_SELF = YES;
				CLANG_WARN_OBJC_LITERAL_CONVERSION = YES;
				CLANG_WARN_OBJC_ROOT_CLASS = YES_ERROR;
				CLANG_WARN_QUOTED_INCLUDE_IN_FRAMEWORK_HEADER = YES;
				CLANG_WARN_RANGE_LOOP_ANALYSIS = YES;
				CLANG_WARN_STRICT_PROTOTYPES = YES;
				CLANG_WARN_SUSPICIOUS_MOVE = YES;
				CLANG_WARN_UNGUARDED_AVAILABILITY = YES_AGGRESSIVE;
				CLANG_WARN_UNREACHABLE_CODE = YES;
				CLANG_WARN__DUPLICATE_METHOD_MATCH = YES;
				COPY_PHASE_STRIP = NO;
				DEBUG_INFORMATION_FORMAT = "dwarf-with-dsym";
				ENABLE_NS_ASSERTIONS = NO;
				ENABLE_STRICT_OBJC_MSGSEND = YES;
				GCC_C_LANGUAGE_STANDARD = gnu11;
				GCC_NO_COMMON_BLOCKS = YES;
				GCC_WARN_64_TO_32_BIT_CONVERSION = YES;
				GCC_WARN_ABOUT_RETURN_TYPE = YES_ERROR;
				GCC_WARN_UNDECLARED_SELECTOR = YES;
				GCC_WARN_UNINITIALIZED_AUTOS = YES_AGGRESSIVE;
				GCC_WARN_UNUSED_FUNCTION = YES;
				GCC_WARN_UNUSED_VARIABLE = YES;
				IPHONEOS_DEPLOYMENT_TARGET = 16.4;
				MTL_ENABLE_DEBUG_INFO = NO;
				MTL_FAST_MATH = YES;
				SDKROOT = iphoneos;
				SWIFT_COMPILATION_MODE = wholemodule;
				SWIFT_OPTIMIZATION_LEVEL = "-O";
				VALIDATE_PRODUCT = YES;
			};
			name = Release;
		};
		8F39ECB22AB9811C00456B40 /* Debug */ = {
			isa = XCBuildConfiguration;
			buildSettings = {
				ASSETCATALOG_COMPILER_APPICON_NAME = AppIcon;
				ASSETCATALOG_COMPILER_GLOBAL_ACCENT_COLOR_NAME = AccentColor;
				CODE_SIGN_STYLE = Automatic;
				CURRENT_PROJECT_VERSION = 1;
				DEVELOPMENT_TEAM = U7BBX86FYG;
				GENERATE_INFOPLIST_FILE = YES;
				INFOPLIST_FILE = VideoSplitDemo/Info.plist;
				INFOPLIST_KEY_UIApplicationSupportsIndirectInputEvents = YES;
				INFOPLIST_KEY_UILaunchStoryboardName = LaunchScreen;
				INFOPLIST_KEY_UIMainStoryboardFile = Main;
				INFOPLIST_KEY_UISupportedInterfaceOrientations_iPad = "UIInterfaceOrientationPortrait UIInterfaceOrientationPortraitUpsideDown UIInterfaceOrientationLandscapeLeft UIInterfaceOrientationLandscapeRight";
				INFOPLIST_KEY_UISupportedInterfaceOrientations_iPhone = "UIInterfaceOrientationPortrait UIInterfaceOrientationLandscapeLeft UIInterfaceOrientationLandscapeRight";
				LD_RUNPATH_SEARCH_PATHS = (
					"$(inherited)",
					"@executable_path/Frameworks",
				);
				MARKETING_VERSION = 1.0;
				PRODUCT_BUNDLE_IDENTIFIER = aakarshit.VideoSplitDemo;
				PRODUCT_NAME = "$(TARGET_NAME)";
				SWIFT_EMIT_LOC_STRINGS = YES;
				SWIFT_VERSION = 5.0;
				TARGETED_DEVICE_FAMILY = "1,2";
			};
			name = Debug;
		};
		8F39ECB32AB9811C00456B40 /* Release */ = {
			isa = XCBuildConfiguration;
			buildSettings = {
				ASSETCATALOG_COMPILER_APPICON_NAME = AppIcon;
				ASSETCATALOG_COMPILER_GLOBAL_ACCENT_COLOR_NAME = AccentColor;
				CODE_SIGN_STYLE = Automatic;
				CURRENT_PROJECT_VERSION = 1;
				DEVELOPMENT_TEAM = U7BBX86FYG;
				GENERATE_INFOPLIST_FILE = YES;
				INFOPLIST_FILE = VideoSplitDemo/Info.plist;
				INFOPLIST_KEY_UIApplicationSupportsIndirectInputEvents = YES;
				INFOPLIST_KEY_UILaunchStoryboardName = LaunchScreen;
				INFOPLIST_KEY_UIMainStoryboardFile = Main;
				INFOPLIST_KEY_UISupportedInterfaceOrientations_iPad = "UIInterfaceOrientationPortrait UIInterfaceOrientationPortraitUpsideDown UIInterfaceOrientationLandscapeLeft UIInterfaceOrientationLandscapeRight";
				INFOPLIST_KEY_UISupportedInterfaceOrientations_iPhone = "UIInterfaceOrientationPortrait UIInterfaceOrientationLandscapeLeft UIInterfaceOrientationLandscapeRight";
				LD_RUNPATH_SEARCH_PATHS = (
					"$(inherited)",
					"@executable_path/Frameworks",
				);
				MARKETING_VERSION = 1.0;
				PRODUCT_BUNDLE_IDENTIFIER = aakarshit.VideoSplitDemo;
				PRODUCT_NAME = "$(TARGET_NAME)";
				SWIFT_EMIT_LOC_STRINGS = YES;
				SWIFT_VERSION = 5.0;
				TARGETED_DEVICE_FAMILY = "1,2";
			};
			name = Release;
		};
/* End XCBuildConfiguration section */

/* Begin XCConfigurationList section */
		8F39EC982AB9811B00456B40 /* Build configuration list for PBXProject "VideoSplitDemo" */ = {
			isa = XCConfigurationList;
			buildConfigurations = (
				8F39ECAF2AB9811C00456B40 /* Debug */,
				8F39ECB02AB9811C00456B40 /* Release */,
			);
			defaultConfigurationIsVisible = 0;
			defaultConfigurationName = Release;
		};
		8F39ECB12AB9811C00456B40 /* Build configuration list for PBXNativeTarget "VideoSplitDemo" */ = {
			isa = XCConfigurationList;
			buildConfigurations = (
				8F39ECB22AB9811C00456B40 /* Debug */,
				8F39ECB32AB9811C00456B40 /* Release */,
			);
			defaultConfigurationIsVisible = 0;
			defaultConfigurationName = Release;
		};
/* End XCConfigurationList section */

/* Begin XCRemoteSwiftPackageReference section */
		8F39ECBA2AB9B25C00456B40 /* XCRemoteSwiftPackageReference "firebase-ios-sdk" */ = {
			isa = XCRemoteSwiftPackageReference;
			repositoryURL = "https://github.com/firebase/firebase-ios-sdk";
			requirement = {
				kind = upToNextMajorVersion;
				minimumVersion = 10.0.0;
			};
		};
/* End XCRemoteSwiftPackageReference section */

/* Begin XCSwiftPackageProductDependency section */
		8F39ECBB2AB9B25C00456B40 /* FirebaseStorage */ = {
			isa = XCSwiftPackageProductDependency;
			package = 8F39ECBA2AB9B25C00456B40 /* XCRemoteSwiftPackageReference "firebase-ios-sdk" */;
			productName = FirebaseStorage;
		};
/* End XCSwiftPackageProductDependency section */
	};
	rootObject = 8F39EC952AB9811B00456B40 /* Project object */;
}
